
Microsoft Visual Studio Solution File, Format Version 12.00
# Visual Studio Version 17
VisualStudioVersion = 17.8.34525.116
MinimumVisualStudioVersion = 10.0.40219.1
Project("{2150E333-8FDC-42A3-9474-1A3956D46DE8}") = "Services", "Services", "{03B779FE-6F54-43AF-9137-C37BE3A7AC4F}"
EndProject
Project("{2150E333-8FDC-42A3-9474-1A3956D46DE8}") = "Catalog", "Catalog", "{AF194016-74F3-4253-AAAF-EA350270BD71}"
EndProject
Project("{9A19103F-16F7-4668-BE54-9A1E7A4F7556}") = "Catalog.API", "Services\Catalog\Catalog.API\Catalog.API.csproj", "{816DC86C-7BC6-4C08-851B-BC27D2E52206}"
EndProject
Project("{2150E333-8FDC-42A3-9474-1A3956D46DE8}") = "BuildingBlocks", "BuildingBlocks", "{ABF87BBC-4A02-4302-93CB-FA8778A44DBB}"
EndProject
Project("{9A19103F-16F7-4668-BE54-9A1E7A4F7556}") = "BuildingBlocks", "BuildingBlocks\BuildingBlocks\BuildingBlocks.csproj", "{ACBC3D2A-C513-4333-B3E9-0F40711929E6}"
EndProject
Project("{E53339B2-1760-4266-BCC7-CA923CBCF16C}") = "docker-compose", "docker-compose.dcproj", "{6D061D86-3EF5-430C-85CB-F6B9B66A78B0}"
EndProject
Project("{2150E333-8FDC-42A3-9474-1A3956D46DE8}") = "Basket", "Basket", "{49A32061-F10B-43BD-A052-ACFD0B2AC84C}"
EndProject
Project("{9A19103F-16F7-4668-BE54-9A1E7A4F7556}") = "Basket.API", "Services\Basket\Basket.API\Basket.API.csproj", "{3D46F438-D3D6-4C02-80D6-1759DDAC0E2F}"
EndProject
Project("{2150E333-8FDC-42A3-9474-1A3956D46DE8}") = "Discount", "Discount", "{062D4365-8EF6-4E63-8C15-8B7BB74900A4}"
EndProject
Project("{9A19103F-16F7-4668-BE54-9A1E7A4F7556}") = "Discount.Grpc", "Services\Discount\Discount.Grpc\Discount.Grpc.csproj", "{83978BF9-3377-41F4-8C56-D96BC31EF30F}"
EndProject
Project("{2150E333-8FDC-42A3-9474-1A3956D46DE8}") = "Ordering", "Ordering", "{6FBDFA93-A1FF-41B1-A8A2-1466EE47A5DE}"
EndProject
Project("{9A19103F-16F7-4668-BE54-9A1E7A4F7556}") = "Ordering.API", "Services\Ordering\Ordering.API\Ordering.API.csproj", "{21D33C73-3338-4ACE-87E6-B62FB75639CE}"
EndProject
Project("{9A19103F-16F7-4668-BE54-9A1E7A4F7556}") = "Ordering.Domain", "Services\Ordering\Ordering.Domain\Ordering.Domain.csproj", "{97DADAA6-5586-49F1-94FF-1A65B1610E25}"
EndProject
Project("{9A19103F-16F7-4668-BE54-9A1E7A4F7556}") = "Ordering.Application", "Services\Ordering\Ordering.Application\Ordering.Application.csproj", "{6778BAAE-00C5-4E2D-9A74-FA957F0F66AD}"
EndProject
Project("{9A19103F-16F7-4668-BE54-9A1E7A4F7556}") = "Ordering.Infrastructure", "Services\Ordering\Ordering.Infrastructure\Ordering.Infrastructure.csproj", "{C42028C2-231E-4B00-B0A7-0A5C40F619BF}"
EndProject
Project("{FAE04EC0-301F-11D3-BF4B-00C04F79EFBC}") = "BuildingBlocks.Messaging", "BuildingBlocks\BuildingBlocks.Messaging\BuildingBlocks.Messaging.csproj", "{0A4B1516-7CF3-409F-90C9-556A8CA22A4D}"
EndProject
Global
	GlobalSection(SolutionConfigurationPlatforms) = preSolution
		Debug|Any CPU = Debug|Any CPU
		Release|Any CPU = Release|Any CPU
	EndGlobalSection
	GlobalSection(ProjectConfigurationPlatforms) = postSolution
		{816DC86C-7BC6-4C08-851B-BC27D2E52206}.Debug|Any CPU.ActiveCfg = Debug|Any CPU
		{816DC86C-7BC6-4C08-851B-BC27D2E52206}.Debug|Any CPU.Build.0 = Debug|Any CPU
		{816DC86C-7BC6-4C08-851B-BC27D2E52206}.Release|Any CPU.ActiveCfg = Release|Any CPU
		{816DC86C-7BC6-4C08-851B-BC27D2E52206}.Release|Any CPU.Build.0 = Release|Any CPU
		{ACBC3D2A-C513-4333-B3E9-0F40711929E6}.Debug|Any CPU.ActiveCfg = Debug|Any CPU
		{ACBC3D2A-C513-4333-B3E9-0F40711929E6}.Debug|Any CPU.Build.0 = Debug|Any CPU
		{ACBC3D2A-C513-4333-B3E9-0F40711929E6}.Release|Any CPU.ActiveCfg = Release|Any CPU
		{ACBC3D2A-C513-4333-B3E9-0F40711929E6}.Release|Any CPU.Build.0 = Release|Any CPU
		{6D061D86-3EF5-430C-85CB-F6B9B66A78B0}.Debug|Any CPU.ActiveCfg = Debug|Any CPU
		{6D061D86-3EF5-430C-85CB-F6B9B66A78B0}.Debug|Any CPU.Build.0 = Debug|Any CPU
		{6D061D86-3EF5-430C-85CB-F6B9B66A78B0}.Release|Any CPU.ActiveCfg = Release|Any CPU
		{6D061D86-3EF5-430C-85CB-F6B9B66A78B0}.Release|Any CPU.Build.0 = Release|Any CPU
		{3D46F438-D3D6-4C02-80D6-1759DDAC0E2F}.Debug|Any CPU.ActiveCfg = Debug|Any CPU
		{3D46F438-D3D6-4C02-80D6-1759DDAC0E2F}.Debug|Any CPU.Build.0 = Debug|Any CPU
		{3D46F438-D3D6-4C02-80D6-1759DDAC0E2F}.Release|Any CPU.ActiveCfg = Release|Any CPU
		{3D46F438-D3D6-4C02-80D6-1759DDAC0E2F}.Release|Any CPU.Build.0 = Release|Any CPU
		{83978BF9-3377-41F4-8C56-D96BC31EF30F}.Debug|Any CPU.ActiveCfg = Debug|Any CPU
		{83978BF9-3377-41F4-8C56-D96BC31EF30F}.Debug|Any CPU.Build.0 = Debug|Any CPU
		{83978BF9-3377-41F4-8C56-D96BC31EF30F}.Release|Any CPU.ActiveCfg = Release|Any CPU
		{83978BF9-3377-41F4-8C56-D96BC31EF30F}.Release|Any CPU.Build.0 = Release|Any CPU
		{21D33C73-3338-4ACE-87E6-B62FB75639CE}.Debug|Any CPU.ActiveCfg = Debug|Any CPU
		{21D33C73-3338-4ACE-87E6-B62FB75639CE}.Debug|Any CPU.Build.0 = Debug|Any CPU
		{21D33C73-3338-4ACE-87E6-B62FB75639CE}.Release|Any CPU.ActiveCfg = Release|Any CPU
		{21D33C73-3338-4ACE-87E6-B62FB75639CE}.Release|Any CPU.Build.0 = Release|Any CPU
		{97DADAA6-5586-49F1-94FF-1A65B1610E25}.Debug|Any CPU.ActiveCfg = Debug|Any CPU
		{97DADAA6-5586-49F1-94FF-1A65B1610E25}.Debug|Any CPU.Build.0 = Debug|Any CPU
		{97DADAA6-5586-49F1-94FF-1A65B1610E25}.Release|Any CPU.ActiveCfg = Release|Any CPU
		{97DADAA6-5586-49F1-94FF-1A65B1610E25}.Release|Any CPU.Build.0 = Release|Any CPU
		{6778BAAE-00C5-4E2D-9A74-FA957F0F66AD}.Debug|Any CPU.ActiveCfg = Debug|Any CPU
		{6778BAAE-00C5-4E2D-9A74-FA957F0F66AD}.Debug|Any CPU.Build.0 = Debug|Any CPU
		{6778BAAE-00C5-4E2D-9A74-FA957F0F66AD}.Release|Any CPU.ActiveCfg = Release|Any CPU
		{6778BAAE-00C5-4E2D-9A74-FA957F0F66AD}.Release|Any CPU.Build.0 = Release|Any CPU
		{C42028C2-231E-4B00-B0A7-0A5C40F619BF}.Debug|Any CPU.ActiveCfg = Debug|Any CPU
		{C42028C2-231E-4B00-B0A7-0A5C40F619BF}.Debug|Any CPU.Build.0 = Debug|Any CPU
		{C42028C2-231E-4B00-B0A7-0A5C40F619BF}.Release|Any CPU.ActiveCfg = Release|Any CPU
		{C42028C2-231E-4B00-B0A7-0A5C40F619BF}.Release|Any CPU.Build.0 = Release|Any CPU
		{0A4B1516-7CF3-409F-90C9-556A8CA22A4D}.Debug|Any CPU.ActiveCfg = Debug|Any CPU
		{0A4B1516-7CF3-409F-90C9-556A8CA22A4D}.Debug|Any CPU.Build.0 = Debug|Any CPU
		{0A4B1516-7CF3-409F-90C9-556A8CA22A4D}.Release|Any CPU.ActiveCfg = Release|Any CPU
		{0A4B1516-7CF3-409F-90C9-556A8CA22A4D}.Release|Any CPU.Build.0 = Release|Any CPU
	EndGlobalSection
	GlobalSection(SolutionProperties) = preSolution
		HideSolutionNode = FALSE
	EndGlobalSection
	GlobalSection(NestedProjects) = preSolution
		{AF194016-74F3-4253-AAAF-EA350270BD71} = {03B779FE-6F54-43AF-9137-C37BE3A7AC4F}
		{816DC86C-7BC6-4C08-851B-BC27D2E52206} = {AF194016-74F3-4253-AAAF-EA350270BD71}
		{ACBC3D2A-C513-4333-B3E9-0F40711929E6} = {ABF87BBC-4A02-4302-93CB-FA8778A44DBB}
		{49A32061-F10B-43BD-A052-ACFD0B2AC84C} = {03B779FE-6F54-43AF-9137-C37BE3A7AC4F}
		{3D46F438-D3D6-4C02-80D6-1759DDAC0E2F} = {49A32061-F10B-43BD-A052-ACFD0B2AC84C}
		{062D4365-8EF6-4E63-8C15-8B7BB74900A4} = {03B779FE-6F54-43AF-9137-C37BE3A7AC4F}
		{83978BF9-3377-41F4-8C56-D96BC31EF30F} = {062D4365-8EF6-4E63-8C15-8B7BB74900A4}
		{6FBDFA93-A1FF-41B1-A8A2-1466EE47A5DE} = {03B779FE-6F54-43AF-9137-C37BE3A7AC4F}
		{21D33C73-3338-4ACE-87E6-B62FB75639CE} = {6FBDFA93-A1FF-41B1-A8A2-1466EE47A5DE}
		{97DADAA6-5586-49F1-94FF-1A65B1610E25} = {6FBDFA93-A1FF-41B1-A8A2-1466EE47A5DE}
		{6778BAAE-00C5-4E2D-9A74-FA957F0F66AD} = {6FBDFA93-A1FF-41B1-A8A2-1466EE47A5DE}
		{C42028C2-231E-4B00-B0A7-0A5C40F619BF} = {6FBDFA93-A1FF-41B1-A8A2-1466EE47A5DE}
		{0A4B1516-7CF3-409F-90C9-556A8CA22A4D} = {ABF87BBC-4A02-4302-93CB-FA8778A44DBB}
	EndGlobalSection
	GlobalSection(ExtensibilityGlobals) = postSolution
		SolutionGuid = {BC489FFB-EB0A-40AA-84AD-C13C41122C75}
	EndGlobalSection
EndGlobal
